
Microsoft Visual Studio Solution File, Format Version 12.00
# Visual Studio Version 17
VisualStudioVersion = 17.2.32616.157
MinimumVisualStudioVersion = 10.0.40219.1
Project("{FAE04EC0-301F-11D3-BF4B-00C04F79EFBC}") = "ypc", "ypc\ypc.csproj", "{2B0792FC-26A8-4D66-A5D2-EBD76EF2302A}"
EndProject
Global
	GlobalSection(SolutionConfigurationPlatforms) = preSolution
		Debug|Any CPU = Debug|Any CPU
		Release|Any CPU = Release|Any CPU
	EndGlobalSection
	GlobalSection(ProjectConfigurationPlatforms) = postSolution
		{2B0792FC-26A8-4D66-A5D2-EBD76EF2302A}.Debug|Any CPU.ActiveCfg = Debug|Any CPU
		{2B0792FC-26A8-4D66-A5D2-EBD76EF2302A}.Debug|Any CPU.Build.0 = Debug|Any CPU
		{2B0792FC-26A8-4D66-A5D2-EBD76EF2302A}.Release|Any CPU.ActiveCfg = Release|Any CPU
		{2B0792FC-26A8-4D66-A5D2-EBD76EF2302A}.Release|Any CPU.Build.0 = Release|Any CPU
	EndGlobalSection
	GlobalSection(SolutionProperties) = preSolution
		HideSolutionNode = FALSE
	EndGlobalSection
	GlobalSection(ExtensibilityGlobals) = postSolution
		SolutionGuid = {FB1537EF-6F5D-4F8B-82C4-00337E5400EA}
	EndGlobalSection
EndGlobal
